
Microsoft Visual Studio Solution File, Format Version 12.00
# Visual Studio Version 17
VisualStudioVersion = 17.4.33403.182
MinimumVisualStudioVersion = 10.0.40219.1
Project("{FAE04EC0-301F-11D3-BF4B-00C04F79EFBC}") = "MenuManager.Ui.WebApp", "MenuManager.Ui.WebApp\MenuManager.Ui.WebApp.csproj", "{1AFA3EF6-E7F1-4EB1-960A-679A7BC51A99}"
EndProject
Global
	GlobalSection(SolutionConfigurationPlatforms) = preSolution
		Debug|Any CPU = Debug|Any CPU
		Release|Any CPU = Release|Any CPU
	EndGlobalSection
	GlobalSection(ProjectConfigurationPlatforms) = postSolution
		{1AFA3EF6-E7F1-4EB1-960A-679A7BC51A99}.Debug|Any CPU.ActiveCfg = Debug|Any CPU
		{1AFA3EF6-E7F1-4EB1-960A-679A7BC51A99}.Debug|Any CPU.Build.0 = Debug|Any CPU
		{1AFA3EF6-E7F1-4EB1-960A-679A7BC51A99}.Release|Any CPU.ActiveCfg = Release|Any CPU
		{1AFA3EF6-E7F1-4EB1-960A-679A7BC51A99}.Release|Any CPU.Build.0 = Release|Any CPU
	EndGlobalSection
	GlobalSection(SolutionProperties) = preSolution
		HideSolutionNode = FALSE
	EndGlobalSection
	GlobalSection(ExtensibilityGlobals) = postSolution
		SolutionGuid = {E5E0BE66-CC9B-4721-B02C-CA79D15CCC81}
	EndGlobalSection
EndGlobal
